// !$*UTF8*$!
{
	archiveVersion = 1;
	classes = {
	};
	objectVersion = 56;
	objects = {

/* Begin PBXBuildFile section */
		08F1550D29B65B1E00CE3438 /* SwiftImplementations.docc in Sources */ = {isa = PBXBuildFile; fileRef = 08F1550C29B65B1E00CE3438 /* SwiftImplementations.docc */; };
		08F1551329B65B1E00CE3438 /* SwiftImplementations.framework in Frameworks */ = {isa = PBXBuildFile; fileRef = 08F1550829B65B1E00CE3438 /* SwiftImplementations.framework */; };
		08F1551829B65B1E00CE3438 /* SwiftImplementationsTests.m in Sources */ = {isa = PBXBuildFile; fileRef = 08F1551729B65B1E00CE3438 /* SwiftImplementationsTests.m */; };
		08F1551929B65B1E00CE3438 /* SwiftImplementations.h in Headers */ = {isa = PBXBuildFile; fileRef = 08F1550B29B65B1E00CE3438 /* SwiftImplementations.h */; settings = {ATTRIBUTES = (Public, ); }; };
		08F1552329B65B2D00CE3438 /* Defines.h in Headers */ = {isa = PBXBuildFile; fileRef = 08F1552229B65B2D00CE3438 /* Defines.h */; settings = {ATTRIBUTES = (Public, ); }; };
		08F1552729B65FB700CE3438 /* HUMNClasses.h in Headers */ = {isa = PBXBuildFile; fileRef = 08F1552629B65FB700CE3438 /* HUMNClasses.h */; settings = {ATTRIBUTES = (Public, ); }; };
		08F1552929B6616800CE3438 /* Classes.swift in Sources */ = {isa = PBXBuildFile; fileRef = 08F1552829B6616800CE3438 /* Classes.swift */; };
		08F1552C29B685E000CE3438 /* Test.m in Sources */ = {isa = PBXBuildFile; fileRef = 08F1552B29B685E000CE3438 /* Test.m */; };
		08F1552E29B6883000CE3438 /* Enumerations.swift in Sources */ = {isa = PBXBuildFile; fileRef = 08F1552D29B6883000CE3438 /* Enumerations.swift */; };
		08F1553029B68F0100CE3438 /* HUMNEnumerations.h in Headers */ = {isa = PBXBuildFile; fileRef = 08F1552F29B68F0100CE3438 /* HUMNEnumerations.h */; settings = {ATTRIBUTES = (Public, ); }; };
		08F1553229B695B700CE3438 /* Protocols.swift in Sources */ = {isa = PBXBuildFile; fileRef = 08F1553129B695B700CE3438 /* Protocols.swift */; };
		08F1553429B695C200CE3438 /* HUMNProtocols.h in Headers */ = {isa = PBXBuildFile; fileRef = 08F1553329B695C200CE3438 /* HUMNProtocols.h */; settings = {ATTRIBUTES = (Public, ); }; };
/* End PBXBuildFile section */

/* Begin PBXContainerItemProxy section */
		08F1551429B65B1E00CE3438 /* PBXContainerItemProxy */ = {
			isa = PBXContainerItemProxy;
			containerPortal = 08F154FF29B65B1E00CE3438 /* Project object */;
			proxyType = 1;
			remoteGlobalIDString = 08F1550729B65B1E00CE3438;
			remoteInfo = SwiftImplementations;
		};
/* End PBXContainerItemProxy section */

/* Begin PBXFileReference section */
		08F1550829B65B1E00CE3438 /* SwiftImplementations.framework */ = {isa = PBXFileReference; explicitFileType = wrapper.framework; includeInIndex = 0; path = SwiftImplementations.framework; sourceTree = BUILT_PRODUCTS_DIR; };
		08F1550B29B65B1E00CE3438 /* SwiftImplementations.h */ = {isa = PBXFileReference; lastKnownFileType = sourcecode.c.h; path = SwiftImplementations.h; sourceTree = "<group>"; };
		08F1550C29B65B1E00CE3438 /* SwiftImplementations.docc */ = {isa = PBXFileReference; lastKnownFileType = folder.documentationcatalog; path = SwiftImplementations.docc; sourceTree = "<group>"; };
		08F1551229B65B1E00CE3438 /* SwiftImplementationsTests.xctest */ = {isa = PBXFileReference; explicitFileType = wrapper.cfbundle; includeInIndex = 0; path = SwiftImplementationsTests.xctest; sourceTree = BUILT_PRODUCTS_DIR; };
		08F1551729B65B1E00CE3438 /* SwiftImplementationsTests.m */ = {isa = PBXFileReference; lastKnownFileType = sourcecode.c.objc; path = SwiftImplementationsTests.m; sourceTree = "<group>"; };
		08F1552229B65B2D00CE3438 /* Defines.h */ = {isa = PBXFileReference; lastKnownFileType = sourcecode.c.h; path = Defines.h; sourceTree = "<group>"; };
		08F1552629B65FB700CE3438 /* HUMNClasses.h */ = {isa = PBXFileReference; lastKnownFileType = sourcecode.c.h; path = HUMNClasses.h; sourceTree = "<group>"; };
		08F1552829B6616800CE3438 /* Classes.swift */ = {isa = PBXFileReference; lastKnownFileType = sourcecode.swift; path = Classes.swift; sourceTree = "<group>"; };
		08F1552A29B6631100CE3438 /* SwiftImplementations.xcconfig */ = {isa = PBXFileReference; lastKnownFileType = text.xcconfig; path = SwiftImplementations.xcconfig; sourceTree = "<group>"; };
		08F1552B29B685E000CE3438 /* Test.m */ = {isa = PBXFileReference; lastKnownFileType = sourcecode.c.objc; path = Test.m; sourceTree = "<group>"; };
		08F1552D29B6883000CE3438 /* Enumerations.swift */ = {isa = PBXFileReference; lastKnownFileType = sourcecode.swift; path = Enumerations.swift; sourceTree = "<group>"; };
		08F1552F29B68F0100CE3438 /* HUMNEnumerations.h */ = {isa = PBXFileReference; lastKnownFileType = sourcecode.c.h; path = HUMNEnumerations.h; sourceTree = "<group>"; };
		08F1553129B695B700CE3438 /* Protocols.swift */ = {isa = PBXFileReference; lastKnownFileType = sourcecode.swift; path = Protocols.swift; sourceTree = "<group>"; };
		08F1553329B695C200CE3438 /* HUMNProtocols.h */ = {isa = PBXFileReference; lastKnownFileType = sourcecode.c.h; path = HUMNProtocols.h; sourceTree = "<group>"; };
/* End PBXFileReference section */

/* Begin PBXFrameworksBuildPhase section */
		08F1550529B65B1E00CE3438 /* Frameworks */ = {
			isa = PBXFrameworksBuildPhase;
			buildActionMask = 2147483647;
			files = (
			);
			runOnlyForDeploymentPostprocessing = 0;
		};
		08F1550F29B65B1E00CE3438 /* Frameworks */ = {
			isa = PBXFrameworksBuildPhase;
			buildActionMask = 2147483647;
			files = (
				08F1551329B65B1E00CE3438 /* SwiftImplementations.framework in Frameworks */,
			);
			runOnlyForDeploymentPostprocessing = 0;
		};
/* End PBXFrameworksBuildPhase section */

/* Begin PBXGroup section */
		08F154FE29B65B1E00CE3438 = {
			isa = PBXGroup;
			children = (
				08F1550A29B65B1E00CE3438 /* SwiftImplementations */,
				08F1551629B65B1E00CE3438 /* SwiftImplementationsTests */,
				08F1550929B65B1E00CE3438 /* Products */,
			);
			sourceTree = "<group>";
		};
		08F1550929B65B1E00CE3438 /* Products */ = {
			isa = PBXGroup;
			children = (
				08F1550829B65B1E00CE3438 /* SwiftImplementations.framework */,
				08F1551229B65B1E00CE3438 /* SwiftImplementationsTests.xctest */,
			);
			name = Products;
			sourceTree = "<group>";
		};
		08F1550A29B65B1E00CE3438 /* SwiftImplementations */ = {
			isa = PBXGroup;
			children = (
				08F1550B29B65B1E00CE3438 /* SwiftImplementations.h */,
				08F1552229B65B2D00CE3438 /* Defines.h */,
				08F1552629B65FB700CE3438 /* HUMNClasses.h */,
				08F1552F29B68F0100CE3438 /* HUMNEnumerations.h */,
				08F1553329B695C200CE3438 /* HUMNProtocols.h */,
				08F1552829B6616800CE3438 /* Classes.swift */,
				08F1552D29B6883000CE3438 /* Enumerations.swift */,
				08F1553129B695B700CE3438 /* Protocols.swift */,
				08F1552B29B685E000CE3438 /* Test.m */,
				08F1550C29B65B1E00CE3438 /* SwiftImplementations.docc */,
				08F1552A29B6631100CE3438 /* SwiftImplementations.xcconfig */,
			);
			path = SwiftImplementations;
			sourceTree = "<group>";
		};
		08F1551629B65B1E00CE3438 /* SwiftImplementationsTests */ = {
			isa = PBXGroup;
			children = (
				08F1551729B65B1E00CE3438 /* SwiftImplementationsTests.m */,
			);
			path = SwiftImplementationsTests;
			sourceTree = "<group>";
		};
/* End PBXGroup section */

/* Begin PBXHeadersBuildPhase section */
		08F1550329B65B1E00CE3438 /* Headers */ = {
			isa = PBXHeadersBuildPhase;
			buildActionMask = 2147483647;
			files = (
				08F1553429B695C200CE3438 /* HUMNProtocols.h in Headers */,
				08F1551929B65B1E00CE3438 /* SwiftImplementations.h in Headers */,
				08F1552329B65B2D00CE3438 /* Defines.h in Headers */,
				08F1553029B68F0100CE3438 /* HUMNEnumerations.h in Headers */,
				08F1552729B65FB700CE3438 /* HUMNClasses.h in Headers */,
			);
			runOnlyForDeploymentPostprocessing = 0;
		};
/* End PBXHeadersBuildPhase section */

/* Begin PBXNativeTarget section */
		08F1550729B65B1E00CE3438 /* SwiftImplementations */ = {
			isa = PBXNativeTarget;
			buildConfigurationList = 08F1551C29B65B1E00CE3438 /* Build configuration list for PBXNativeTarget "SwiftImplementations" */;
			buildPhases = (
				08F1550329B65B1E00CE3438 /* Headers */,
				08F1550429B65B1E00CE3438 /* Sources */,
				08F1550529B65B1E00CE3438 /* Frameworks */,
				08F1550629B65B1E00CE3438 /* Resources */,
			);
			buildRules = (
			);
			dependencies = (
			);
			name = SwiftImplementations;
			productName = SwiftImplementations;
			productReference = 08F1550829B65B1E00CE3438 /* SwiftImplementations.framework */;
			productType = "com.apple.product-type.framework";
		};
		08F1551129B65B1E00CE3438 /* SwiftImplementationsTests */ = {
			isa = PBXNativeTarget;
			buildConfigurationList = 08F1551F29B65B1E00CE3438 /* Build configuration list for PBXNativeTarget "SwiftImplementationsTests" */;
			buildPhases = (
				08F1550E29B65B1E00CE3438 /* Sources */,
				08F1550F29B65B1E00CE3438 /* Frameworks */,
				08F1551029B65B1E00CE3438 /* Resources */,
			);
			buildRules = (
			);
			dependencies = (
				08F1551529B65B1E00CE3438 /* PBXTargetDependency */,
			);
			name = SwiftImplementationsTests;
			productName = SwiftImplementationsTests;
			productReference = 08F1551229B65B1E00CE3438 /* SwiftImplementationsTests.xctest */;
			productType = "com.apple.product-type.bundle.unit-test";
		};
/* End PBXNativeTarget section */

/* Begin PBXProject section */
		08F154FF29B65B1E00CE3438 /* Project object */ = {
			isa = PBXProject;
			attributes = {
				BuildIndependentTargetsInParallel = 1;
				LastUpgradeCheck = 1420;
				TargetAttributes = {
					08F1550729B65B1E00CE3438 = {
						CreatedOnToolsVersion = 14.2;
						LastSwiftMigration = 1420;
					};
					08F1551129B65B1E00CE3438 = {
						CreatedOnToolsVersion = 14.2;
					};
				};
			};
			buildConfigurationList = 08F1550229B65B1E00CE3438 /* Build configuration list for PBXProject "SwiftImplementations" */;
			compatibilityVersion = "Xcode 14.0";
			developmentRegion = en;
			hasScannedForEncodings = 0;
			knownRegions = (
				en,
				Base,
			);
			mainGroup = 08F154FE29B65B1E00CE3438;
			productRefGroup = 08F1550929B65B1E00CE3438 /* Products */;
			projectDirPath = "";
			projectRoot = "";
			targets = (
				08F1550729B65B1E00CE3438 /* SwiftImplementations */,
				08F1551129B65B1E00CE3438 /* SwiftImplementationsTests */,
			);
		};
/* End PBXProject section */

/* Begin PBXResourcesBuildPhase section */
		08F1550629B65B1E00CE3438 /* Resources */ = {
			isa = PBXResourcesBuildPhase;
			buildActionMask = 2147483647;
			files = (
			);
			runOnlyForDeploymentPostprocessing = 0;
		};
		08F1551029B65B1E00CE3438 /* Resources */ = {
			isa = PBXResourcesBuildPhase;
			buildActionMask = 2147483647;
			files = (
			);
			runOnlyForDeploymentPostprocessing = 0;
		};
/* End PBXResourcesBuildPhase section */

/* Begin PBXSourcesBuildPhase section */
		08F1550429B65B1E00CE3438 /* Sources */ = {
			isa = PBXSourcesBuildPhase;
			buildActionMask = 2147483647;
			files = (
				08F1553229B695B700CE3438 /* Protocols.swift in Sources */,
				08F1552C29B685E000CE3438 /* Test.m in Sources */,
				08F1550D29B65B1E00CE3438 /* SwiftImplementations.docc in Sources */,
				08F1552929B6616800CE3438 /* Classes.swift in Sources */,
				08F1552E29B6883000CE3438 /* Enumerations.swift in Sources */,
			);
			runOnlyForDeploymentPostprocessing = 0;
		};
		08F1550E29B65B1E00CE3438 /* Sources */ = {
			isa = PBXSourcesBuildPhase;
			buildActionMask = 2147483647;
			files = (
				08F1551829B65B1E00CE3438 /* SwiftImplementationsTests.m in Sources */,
			);
			runOnlyForDeploymentPostprocessing = 0;
		};
/* End PBXSourcesBuildPhase section */

/* Begin PBXTargetDependency section */
		08F1551529B65B1E00CE3438 /* PBXTargetDependency */ = {
			isa = PBXTargetDependency;
			target = 08F1550729B65B1E00CE3438 /* SwiftImplementations */;
			targetProxy = 08F1551429B65B1E00CE3438 /* PBXContainerItemProxy */;
		};
/* End PBXTargetDependency section */

/* Begin XCBuildConfiguration section */
		08F1551A29B65B1E00CE3438 /* Debug */ = {
			isa = XCBuildConfiguration;
			buildSettings = {
				ALWAYS_SEARCH_USER_PATHS = NO;
				CLANG_ANALYZER_NONNULL = YES;
				CLANG_ANALYZER_NUMBER_OBJECT_CONVERSION = YES_AGGRESSIVE;
				CLANG_CXX_LANGUAGE_STANDARD = "gnu++20";
				CLANG_ENABLE_MODULES = YES;
				CLANG_ENABLE_OBJC_ARC = YES;
				CLANG_ENABLE_OBJC_WEAK = YES;
				CLANG_WARN_BLOCK_CAPTURE_AUTORELEASING = YES;
				CLANG_WARN_BOOL_CONVERSION = YES;
				CLANG_WARN_COMMA = YES;
				CLANG_WARN_CONSTANT_CONVERSION = YES;
				CLANG_WARN_DEPRECATED_OBJC_IMPLEMENTATIONS = YES;
				CLANG_WARN_DIRECT_OBJC_ISA_USAGE = YES_ERROR;
				CLANG_WARN_DOCUMENTATION_COMMENTS = YES;
				CLANG_WARN_EMPTY_BODY = YES;
				CLANG_WARN_ENUM_CONVERSION = YES;
				CLANG_WARN_INFINITE_RECURSION = YES;
				CLANG_WARN_INT_CONVERSION = YES;
				CLANG_WARN_NON_LITERAL_NULL_CONVERSION = YES;
				CLANG_WARN_OBJC_IMPLICIT_RETAIN_SELF = YES;
				CLANG_WARN_OBJC_LITERAL_CONVERSION = YES;
				CLANG_WARN_OBJC_ROOT_CLASS = YES_ERROR;
				CLANG_WARN_QUOTED_INCLUDE_IN_FRAMEWORK_HEADER = YES;
				CLANG_WARN_RANGE_LOOP_ANALYSIS = YES;
				CLANG_WARN_STRICT_PROTOTYPES = YES;
				CLANG_WARN_SUSPICIOUS_MOVE = YES;
				CLANG_WARN_UNGUARDED_AVAILABILITY = YES_AGGRESSIVE;
				CLANG_WARN_UNREACHABLE_CODE = YES;
				CLANG_WARN__DUPLICATE_METHOD_MATCH = YES;
				COPY_PHASE_STRIP = NO;
				CURRENT_PROJECT_VERSION = 1;
				DEBUG_INFORMATION_FORMAT = dwarf;
				ENABLE_STRICT_OBJC_MSGSEND = YES;
				ENABLE_TESTABILITY = YES;
				GCC_C_LANGUAGE_STANDARD = gnu11;
				GCC_DYNAMIC_NO_PIC = NO;
				GCC_NO_COMMON_BLOCKS = YES;
				GCC_OPTIMIZATION_LEVEL = 0;
				GCC_PREPROCESSOR_DEFINITIONS = (
					"DEBUG=1",
					"$(inherited)",
				);
				GCC_WARN_64_TO_32_BIT_CONVERSION = YES;
				GCC_WARN_ABOUT_RETURN_TYPE = YES_ERROR;
				GCC_WARN_UNDECLARED_SELECTOR = YES;
				GCC_WARN_UNINITIALIZED_AUTOS = YES_AGGRESSIVE;
				GCC_WARN_UNUSED_FUNCTION = YES;
				GCC_WARN_UNUSED_VARIABLE = YES;
				MACOSX_DEPLOYMENT_TARGET = 13.1;
				MTL_ENABLE_DEBUG_INFO = INCLUDE_SOURCE;
				MTL_FAST_MATH = YES;
				ONLY_ACTIVE_ARCH = YES;
				SDKROOT = macosx;
				SWIFT_VERSION = 5.0;
				VERSIONING_SYSTEM = "apple-generic";
				VERSION_INFO_PREFIX = "";
			};
			name = Debug;
		};
		08F1551B29B65B1E00CE3438 /* Release */ = {
			isa = XCBuildConfiguration;
			buildSettings = {
				ALWAYS_SEARCH_USER_PATHS = NO;
				CLANG_ANALYZER_NONNULL = YES;
				CLANG_ANALYZER_NUMBER_OBJECT_CONVERSION = YES_AGGRESSIVE;
				CLANG_CXX_LANGUAGE_STANDARD = "gnu++20";
				CLANG_ENABLE_MODULES = YES;
				CLANG_ENABLE_OBJC_ARC = YES;
				CLANG_ENABLE_OBJC_WEAK = YES;
				CLANG_WARN_BLOCK_CAPTURE_AUTORELEASING = YES;
				CLANG_WARN_BOOL_CONVERSION = YES;
				CLANG_WARN_COMMA = YES;
				CLANG_WARN_CONSTANT_CONVERSION = YES;
				CLANG_WARN_DEPRECATED_OBJC_IMPLEMENTATIONS = YES;
				CLANG_WARN_DIRECT_OBJC_ISA_USAGE = YES_ERROR;
				CLANG_WARN_DOCUMENTATION_COMMENTS = YES;
				CLANG_WARN_EMPTY_BODY = YES;
				CLANG_WARN_ENUM_CONVERSION = YES;
				CLANG_WARN_INFINITE_RECURSION = YES;
				CLANG_WARN_INT_CONVERSION = YES;
				CLANG_WARN_NON_LITERAL_NULL_CONVERSION = YES;
				CLANG_WARN_OBJC_IMPLICIT_RETAIN_SELF = YES;
				CLANG_WARN_OBJC_LITERAL_CONVERSION = YES;
				CLANG_WARN_OBJC_ROOT_CLASS = YES_ERROR;
				CLANG_WARN_QUOTED_INCLUDE_IN_FRAMEWORK_HEADER = YES;
				CLANG_WARN_RANGE_LOOP_ANALYSIS = YES;
				CLANG_WARN_STRICT_PROTOTYPES = YES;
				CLANG_WARN_SUSPICIOUS_MOVE = YES;
				CLANG_WARN_UNGUARDED_AVAILABILITY = YES_AGGRESSIVE;
				CLANG_WARN_UNREACHABLE_CODE = YES;
				CLANG_WARN__DUPLICATE_METHOD_MATCH = YES;
				COPY_PHASE_STRIP = NO;
				CURRENT_PROJECT_VERSION = 1;
				DEBUG_INFORMATION_FORMAT = "dwarf-with-dsym";
				ENABLE_NS_ASSERTIONS = NO;
				ENABLE_STRICT_OBJC_MSGSEND = YES;
				GCC_C_LANGUAGE_STANDARD = gnu11;
				GCC_NO_COMMON_BLOCKS = YES;
				GCC_WARN_64_TO_32_BIT_CONVERSION = YES;
				GCC_WARN_ABOUT_RETURN_TYPE = YES_ERROR;
				GCC_WARN_UNDECLARED_SELECTOR = YES;
				GCC_WARN_UNINITIALIZED_AUTOS = YES_AGGRESSIVE;
				GCC_WARN_UNUSED_FUNCTION = YES;
				GCC_WARN_UNUSED_VARIABLE = YES;
				MACOSX_DEPLOYMENT_TARGET = 13.1;
				MTL_ENABLE_DEBUG_INFO = NO;
				MTL_FAST_MATH = YES;
				SDKROOT = macosx;
				SWIFT_VERSION = 5.0;
				VERSIONING_SYSTEM = "apple-generic";
				VERSION_INFO_PREFIX = "";
			};
			name = Release;
		};
		08F1551D29B65B1E00CE3438 /* Debug */ = {
			isa = XCBuildConfiguration;
			baseConfigurationReference = 08F1552A29B6631100CE3438 /* SwiftImplementations.xcconfig */;
			buildSettings = {
				CLANG_ENABLE_MODULES = YES;
				CODE_SIGN_STYLE = Automatic;
				COMBINE_HIDPI_IMAGES = YES;
				CURRENT_PROJECT_VERSION = 1;
				DEFINES_MODULE = YES;
				DYLIB_COMPATIBILITY_VERSION = 1;
				DYLIB_CURRENT_VERSION = 1;
				DYLIB_INSTALL_NAME_BASE = "@rpath";
				GENERATE_INFOPLIST_FILE = YES;
				INFOPLIST_KEY_NSHumanReadableCopyright = "";
				INSTALL_PATH = "$(LOCAL_LIBRARY_DIR)/Frameworks";
				LD_RUNPATH_SEARCH_PATHS = (
					"$(inherited)",
					"@executable_path/../Frameworks",
					"@loader_path/Frameworks",
				);
				MARKETING_VERSION = 1.0;
				PRODUCT_BUNDLE_IDENTIFIER = us.humancode.SwiftImplementations;
				PRODUCT_NAME = "$(TARGET_NAME:c99extidentifier)";
				SKIP_INSTALL = YES;
				SUPPORTED_PLATFORMS = "iphoneos iphonesimulator macosx";
				SUPPORTS_MACCATALYST = NO;
				SUPPORTS_MAC_DESIGNED_FOR_IPHONE_IPAD = NO;
				SWIFT_EMIT_LOC_STRINGS = YES;
				SWIFT_OPTIMIZATION_LEVEL = "-Onone";
				SWIFT_VERSION = 5.0;
				TARGETED_DEVICE_FAMILY = "1,2";
			};
			name = Debug;
		};
		08F1551E29B65B1E00CE3438 /* Release */ = {
			isa = XCBuildConfiguration;
			baseConfigurationReference = 08F1552A29B6631100CE3438 /* SwiftImplementations.xcconfig */;
			buildSettings = {
				CLANG_ENABLE_MODULES = YES;
				CODE_SIGN_STYLE = Automatic;
				COMBINE_HIDPI_IMAGES = YES;
				CURRENT_PROJECT_VERSION = 1;
				DEFINES_MODULE = YES;
				DYLIB_COMPATIBILITY_VERSION = 1;
				DYLIB_CURRENT_VERSION = 1;
				DYLIB_INSTALL_NAME_BASE = "@rpath";
				GENERATE_INFOPLIST_FILE = YES;
				INFOPLIST_KEY_NSHumanReadableCopyright = "";
				INSTALL_PATH = "$(LOCAL_LIBRARY_DIR)/Frameworks";
				LD_RUNPATH_SEARCH_PATHS = (
					"$(inherited)",
					"@executable_path/../Frameworks",
					"@loader_path/Frameworks",
				);
				MARKETING_VERSION = 1.0;
				PRODUCT_BUNDLE_IDENTIFIER = us.humancode.SwiftImplementations;
				PRODUCT_NAME = "$(TARGET_NAME:c99extidentifier)";
				SKIP_INSTALL = YES;
				SUPPORTED_PLATFORMS = "iphoneos iphonesimulator macosx";
				SUPPORTS_MACCATALYST = NO;
				SUPPORTS_MAC_DESIGNED_FOR_IPHONE_IPAD = NO;
				SWIFT_EMIT_LOC_STRINGS = YES;
				SWIFT_VERSION = 5.0;
				TARGETED_DEVICE_FAMILY = "1,2";
			};
			name = Release;
		};
		08F1552029B65B1E00CE3438 /* Debug */ = {
			isa = XCBuildConfiguration;
			buildSettings = {
				ALWAYS_EMBED_SWIFT_STANDARD_LIBRARIES = YES;
				CODE_SIGN_STYLE = Automatic;
				CURRENT_PROJECT_VERSION = 1;
				GENERATE_INFOPLIST_FILE = YES;
				MARKETING_VERSION = 1.0;
				PRODUCT_BUNDLE_IDENTIFIER = us.humancode.SwiftImplementationsTests;
				PRODUCT_NAME = "$(TARGET_NAME)";
				SUPPORTED_PLATFORMS = "iphoneos iphonesimulator macosx";
				SUPPORTS_MACCATALYST = NO;
				SUPPORTS_MAC_DESIGNED_FOR_IPHONE_IPAD = NO;
				SWIFT_EMIT_LOC_STRINGS = NO;
				TARGETED_DEVICE_FAMILY = "1,2";
			};
			name = Debug;
		};
		08F1552129B65B1E00CE3438 /* Release */ = {
			isa = XCBuildConfiguration;
			buildSettings = {
				ALWAYS_EMBED_SWIFT_STANDARD_LIBRARIES = YES;
				CODE_SIGN_STYLE = Automatic;
				CURRENT_PROJECT_VERSION = 1;
				GENERATE_INFOPLIST_FILE = YES;
				MARKETING_VERSION = 1.0;
				PRODUCT_BUNDLE_IDENTIFIER = us.humancode.SwiftImplementationsTests;
				PRODUCT_NAME = "$(TARGET_NAME)";
				SUPPORTED_PLATFORMS = "iphoneos iphonesimulator macosx";
				SUPPORTS_MACCATALYST = NO;
				SUPPORTS_MAC_DESIGNED_FOR_IPHONE_IPAD = NO;
				SWIFT_EMIT_LOC_STRINGS = NO;
				TARGETED_DEVICE_FAMILY = "1,2";
			};
			name = Release;
		};
/* End XCBuildConfiguration section */

/* Begin XCConfigurationList section */
		08F1550229B65B1E00CE3438 /* Build configuration list for PBXProject "SwiftImplementations" */ = {
			isa = XCConfigurationList;
			buildConfigurations = (
				08F1551A29B65B1E00CE3438 /* Debug */,
				08F1551B29B65B1E00CE3438 /* Release */,
			);
			defaultConfigurationIsVisible = 0;
			defaultConfigurationName = Release;
		};
		08F1551C29B65B1E00CE3438 /* Build configuration list for PBXNativeTarget "SwiftImplementations" */ = {
			isa = XCConfigurationList;
			buildConfigurations = (
				08F1551D29B65B1E00CE3438 /* Debug */,
				08F1551E29B65B1E00CE3438 /* Release */,
			);
			defaultConfigurationIsVisible = 0;
			defaultConfigurationName = Release;
		};
		08F1551F29B65B1E00CE3438 /* Build configuration list for PBXNativeTarget "SwiftImplementationsTests" */ = {
			isa = XCConfigurationList;
			buildConfigurations = (
				08F1552029B65B1E00CE3438 /* Debug */,
				08F1552129B65B1E00CE3438 /* Release */,
			);
			defaultConfigurationIsVisible = 0;
			defaultConfigurationName = Release;
		};
/* End XCConfigurationList section */
	};
	rootObject = 08F154FF29B65B1E00CE3438 /* Project object */;
}
